
Microsoft Visual Studio Solution File, Format Version 12.00
# Visual Studio Version 17
VisualStudioVersion = 17.5.33414.496
MinimumVisualStudioVersion = 10.0.40219.1
Project("{FAE04EC0-301F-11D3-BF4B-00C04F79EFBC}") = "HeroStats", "HeroStats\HeroStats.csproj", "{75309168-9B95-4AE8-B232-819E17165B2F}"
EndProject
Global
	GlobalSection(SolutionConfigurationPlatforms) = preSolution
		Debug|Any CPU = Debug|Any CPU
		Release|Any CPU = Release|Any CPU
	EndGlobalSection
	GlobalSection(ProjectConfigurationPlatforms) = postSolution
		{75309168-9B95-4AE8-B232-819E17165B2F}.Debug|Any CPU.ActiveCfg = Debug|Any CPU
		{75309168-9B95-4AE8-B232-819E17165B2F}.Debug|Any CPU.Build.0 = Debug|Any CPU
		{75309168-9B95-4AE8-B232-819E17165B2F}.Release|Any CPU.ActiveCfg = Release|Any CPU
		{75309168-9B95-4AE8-B232-819E17165B2F}.Release|Any CPU.Build.0 = Release|Any CPU
	EndGlobalSection
	GlobalSection(SolutionProperties) = preSolution
		HideSolutionNode = FALSE
	EndGlobalSection
	GlobalSection(ExtensibilityGlobals) = postSolution
		SolutionGuid = {BE5BBC2C-30BB-4F10-BE17-3092D6174063}
	EndGlobalSection
EndGlobal
